// !$*UTF8*$!
{
	archiveVersion = 1;
	classes = {
	};
	objectVersion = 50;
	objects = {

/* Begin PBXBuildFile section */
		3836FCD722EF9BA2002C07EE /* Trainer.swift in Sources */ = {isa = PBXBuildFile; fileRef = 3836FCD622EF9BA2002C07EE /* Trainer.swift */; };
		3836FCD922EF9BB9002C07EE /* Client.swift in Sources */ = {isa = PBXBuildFile; fileRef = 3836FCD822EF9BB9002C07EE /* Client.swift */; };
		3836FCDC22EF9CA8002C07EE /* ClassPack.swift in Sources */ = {isa = PBXBuildFile; fileRef = 3836FCDB22EF9CA8002C07EE /* ClassPack.swift */; };
		3836FCDE22EF9DB5002C07EE /* ClientLoginViewController.swift in Sources */ = {isa = PBXBuildFile; fileRef = 3836FCDD22EF9DB5002C07EE /* ClientLoginViewController.swift */; };
		3836FCE022EF9DCB002C07EE /* ClientSignUpViewController.swift in Sources */ = {isa = PBXBuildFile; fileRef = 3836FCDF22EF9DCB002C07EE /* ClientSignUpViewController.swift */; };
		3836FCE222EF9DDB002C07EE /* TrainerLoginViewController.swift in Sources */ = {isa = PBXBuildFile; fileRef = 3836FCE122EF9DDB002C07EE /* TrainerLoginViewController.swift */; };
		3836FCE422EF9E06002C07EE /* TrainerSignUpViewController.swift in Sources */ = {isa = PBXBuildFile; fileRef = 3836FCE322EF9E06002C07EE /* TrainerSignUpViewController.swift */; };
		3836FCE622EF9E4D002C07EE /* ClassSearchViewController.swift in Sources */ = {isa = PBXBuildFile; fileRef = 3836FCE522EF9E4D002C07EE /* ClassSearchViewController.swift */; };
		3836FCE822EF9E6B002C07EE /* ClassSearchDetailViewController.swift in Sources */ = {isa = PBXBuildFile; fileRef = 3836FCE722EF9E6B002C07EE /* ClassSearchDetailViewController.swift */; };
		3836FCEA22EFA194002C07EE /* PurchasedTableViewCell.swift in Sources */ = {isa = PBXBuildFile; fileRef = 3836FCE922EFA194002C07EE /* PurchasedTableViewCell.swift */; };
		3836FCEC22EFA1BB002C07EE /* ClassSearchTableViewCell.swift in Sources */ = {isa = PBXBuildFile; fileRef = 3836FCEB22EFA1BB002C07EE /* ClassSearchTableViewCell.swift */; };
		3836FCF022EFA36B002C07EE /* PurchasedTableViewController.swift in Sources */ = {isa = PBXBuildFile; fileRef = 3836FCEF22EFA36B002C07EE /* PurchasedTableViewController.swift */; };
		3836FCF222EFA397002C07EE /* PurchasedDetailViewController.swift in Sources */ = {isa = PBXBuildFile; fileRef = 3836FCF122EFA397002C07EE /* PurchasedDetailViewController.swift */; };
		3836FCF722EFA47B002C07EE /* AddClassPackViewController.swift in Sources */ = {isa = PBXBuildFile; fileRef = 3836FCF622EFA47B002C07EE /* AddClassPackViewController.swift */; };
		3836FCFC22EFAC28002C07EE /* ClassPackTableViewController.swift in Sources */ = {isa = PBXBuildFile; fileRef = 3836FCFB22EFAC28002C07EE /* ClassPackTableViewController.swift */; };
		3836FCFE22EFAC8C002C07EE /* ClassPackTableViewCell.swift in Sources */ = {isa = PBXBuildFile; fileRef = 3836FCFD22EFAC8C002C07EE /* ClassPackTableViewCell.swift */; };
		38D2851E22EDFB4400B1A232 /* AppDelegate.swift in Sources */ = {isa = PBXBuildFile; fileRef = 38D2851D22EDFB4400B1A232 /* AppDelegate.swift */; };
		38D2852322EDFB4400B1A232 /* Main.storyboard in Resources */ = {isa = PBXBuildFile; fileRef = 38D2852122EDFB4400B1A232 /* Main.storyboard */; };
		38D2852522EDFB4600B1A232 /* Assets.xcassets in Resources */ = {isa = PBXBuildFile; fileRef = 38D2852422EDFB4600B1A232 /* Assets.xcassets */; };
		38D2852822EDFB4600B1A232 /* LaunchScreen.storyboard in Resources */ = {isa = PBXBuildFile; fileRef = 38D2852622EDFB4600B1A232 /* LaunchScreen.storyboard */; };
		38D2853022EE409700B1A232 /* ColorKey.swift in Sources */ = {isa = PBXBuildFile; fileRef = 38D2852F22EE409700B1A232 /* ColorKey.swift */; };
/* End PBXBuildFile section */

/* Begin PBXFileReference section */
		3836FCD622EF9BA2002C07EE /* Trainer.swift */ = {isa = PBXFileReference; lastKnownFileType = sourcecode.swift; path = Trainer.swift; sourceTree = "<group>"; };
		3836FCD822EF9BB9002C07EE /* Client.swift */ = {isa = PBXFileReference; lastKnownFileType = sourcecode.swift; path = Client.swift; sourceTree = "<group>"; };
		3836FCDB22EF9CA8002C07EE /* ClassPack.swift */ = {isa = PBXFileReference; lastKnownFileType = sourcecode.swift; path = ClassPack.swift; sourceTree = "<group>"; };
		3836FCDD22EF9DB5002C07EE /* ClientLoginViewController.swift */ = {isa = PBXFileReference; lastKnownFileType = sourcecode.swift; path = ClientLoginViewController.swift; sourceTree = "<group>"; };
		3836FCDF22EF9DCB002C07EE /* ClientSignUpViewController.swift */ = {isa = PBXFileReference; lastKnownFileType = sourcecode.swift; path = ClientSignUpViewController.swift; sourceTree = "<group>"; };
		3836FCE122EF9DDB002C07EE /* TrainerLoginViewController.swift */ = {isa = PBXFileReference; lastKnownFileType = sourcecode.swift; path = TrainerLoginViewController.swift; sourceTree = "<group>"; };
		3836FCE322EF9E06002C07EE /* TrainerSignUpViewController.swift */ = {isa = PBXFileReference; lastKnownFileType = sourcecode.swift; path = TrainerSignUpViewController.swift; sourceTree = "<group>"; };
		3836FCE522EF9E4D002C07EE /* ClassSearchViewController.swift */ = {isa = PBXFileReference; lastKnownFileType = sourcecode.swift; path = ClassSearchViewController.swift; sourceTree = "<group>"; };
		3836FCE722EF9E6B002C07EE /* ClassSearchDetailViewController.swift */ = {isa = PBXFileReference; lastKnownFileType = sourcecode.swift; path = ClassSearchDetailViewController.swift; sourceTree = "<group>"; };
		3836FCE922EFA194002C07EE /* PurchasedTableViewCell.swift */ = {isa = PBXFileReference; lastKnownFileType = sourcecode.swift; path = PurchasedTableViewCell.swift; sourceTree = "<group>"; };
		3836FCEB22EFA1BB002C07EE /* ClassSearchTableViewCell.swift */ = {isa = PBXFileReference; lastKnownFileType = sourcecode.swift; path = ClassSearchTableViewCell.swift; sourceTree = "<group>"; };
		3836FCEF22EFA36B002C07EE /* PurchasedTableViewController.swift */ = {isa = PBXFileReference; lastKnownFileType = sourcecode.swift; path = PurchasedTableViewController.swift; sourceTree = "<group>"; };
		3836FCF122EFA397002C07EE /* PurchasedDetailViewController.swift */ = {isa = PBXFileReference; lastKnownFileType = sourcecode.swift; path = PurchasedDetailViewController.swift; sourceTree = "<group>"; };
		3836FCF622EFA47B002C07EE /* AddClassPackViewController.swift */ = {isa = PBXFileReference; lastKnownFileType = sourcecode.swift; path = AddClassPackViewController.swift; sourceTree = "<group>"; };
		3836FCFB22EFAC28002C07EE /* ClassPackTableViewController.swift */ = {isa = PBXFileReference; lastKnownFileType = sourcecode.swift; path = ClassPackTableViewController.swift; sourceTree = "<group>"; };
		3836FCFD22EFAC8C002C07EE /* ClassPackTableViewCell.swift */ = {isa = PBXFileReference; lastKnownFileType = sourcecode.swift; path = ClassPackTableViewCell.swift; sourceTree = "<group>"; };
		38D2851A22EDFB4400B1A232 /* AnywhereFitness.app */ = {isa = PBXFileReference; explicitFileType = wrapper.application; includeInIndex = 0; path = AnywhereFitness.app; sourceTree = BUILT_PRODUCTS_DIR; };
		38D2851D22EDFB4400B1A232 /* AppDelegate.swift */ = {isa = PBXFileReference; lastKnownFileType = sourcecode.swift; path = AppDelegate.swift; sourceTree = "<group>"; };
		38D2852222EDFB4400B1A232 /* Base */ = {isa = PBXFileReference; lastKnownFileType = file.storyboard; name = Base; path = Base.lproj/Main.storyboard; sourceTree = "<group>"; };
		38D2852422EDFB4600B1A232 /* Assets.xcassets */ = {isa = PBXFileReference; lastKnownFileType = folder.assetcatalog; path = Assets.xcassets; sourceTree = "<group>"; };
		38D2852722EDFB4600B1A232 /* Base */ = {isa = PBXFileReference; lastKnownFileType = file.storyboard; name = Base; path = Base.lproj/LaunchScreen.storyboard; sourceTree = "<group>"; };
		38D2852922EDFB4600B1A232 /* Info.plist */ = {isa = PBXFileReference; lastKnownFileType = text.plist.xml; path = Info.plist; sourceTree = "<group>"; };
		38D2852F22EE409700B1A232 /* ColorKey.swift */ = {isa = PBXFileReference; lastKnownFileType = sourcecode.swift; path = ColorKey.swift; sourceTree = "<group>"; };
/* End PBXFileReference section */

/* Begin PBXFrameworksBuildPhase section */
		38D2851722EDFB4400B1A232 /* Frameworks */ = {
			isa = PBXFrameworksBuildPhase;
			buildActionMask = 2147483647;
			files = (
			);
			runOnlyForDeploymentPostprocessing = 0;
		};
/* End PBXFrameworksBuildPhase section */

/* Begin PBXGroup section */
		3836FCDA22EF9BC1002C07EE /* Model */ = {
			isa = PBXGroup;
			children = (
				3836FCD622EF9BA2002C07EE /* Trainer.swift */,
				3836FCD822EF9BB9002C07EE /* Client.swift */,
				3836FCDB22EF9CA8002C07EE /* ClassPack.swift */,
			);
			path = Model;
			sourceTree = "<group>";
		};
		3836FCED22EFA1C1002C07EE /* Custom Views */ = {
			isa = PBXGroup;
			children = (
				3836FCE922EFA194002C07EE /* PurchasedTableViewCell.swift */,
				3836FCEB22EFA1BB002C07EE /* ClassSearchTableViewCell.swift */,
				3836FCFD22EFAC8C002C07EE /* ClassPackTableViewCell.swift */,
			);
			path = "Custom Views";
			sourceTree = "<group>";
		};
		3836FCEE22EFA1EF002C07EE /* Client VC's */ = {
			isa = PBXGroup;
			children = (
				3836FCF822EFA491002C07EE /* Login VC's */,
				3836FCE522EF9E4D002C07EE /* ClassSearchViewController.swift */,
				3836FCE722EF9E6B002C07EE /* ClassSearchDetailViewController.swift */,
				3836FCEF22EFA36B002C07EE /* PurchasedTableViewController.swift */,
				3836FCF122EFA397002C07EE /* PurchasedDetailViewController.swift */,
			);
			path = "Client VC's";
			sourceTree = "<group>";
		};
		3836FCF322EFA44E002C07EE /* Trainer VC's */ = {
			isa = PBXGroup;
			children = (
				3836FCF922EFA49D002C07EE /* Login VC's */,
				3836FCF622EFA47B002C07EE /* AddClassPackViewController.swift */,
				3836FCFB22EFAC28002C07EE /* ClassPackTableViewController.swift */,
			);
			path = "Trainer VC's";
			sourceTree = "<group>";
		};
		3836FCF822EFA491002C07EE /* Login VC's */ = {
			isa = PBXGroup;
			children = (
				3836FCDD22EF9DB5002C07EE /* ClientLoginViewController.swift */,
				3836FCDF22EF9DCB002C07EE /* ClientSignUpViewController.swift */,
			);
			path = "Login VC's";
			sourceTree = "<group>";
		};
		3836FCF922EFA49D002C07EE /* Login VC's */ = {
			isa = PBXGroup;
			children = (
				3836FCE122EF9DDB002C07EE /* TrainerLoginViewController.swift */,
				3836FCE322EF9E06002C07EE /* TrainerSignUpViewController.swift */,
			);
			path = "Login VC's";
			sourceTree = "<group>";
		};
		3836FCFA22EFA4B2002C07EE /* Storyboard */ = {
			isa = PBXGroup;
			children = (
				38D2852122EDFB4400B1A232 /* Main.storyboard */,
				38D2852622EDFB4600B1A232 /* LaunchScreen.storyboard */,
			);
			path = Storyboard;
			sourceTree = "<group>";
		};
		38D2851122EDFB4400B1A232 = {
			isa = PBXGroup;
			children = (
				38D2851C22EDFB4400B1A232 /* AnywhereFitness */,
				38D2852422EDFB4600B1A232 /* Assets.xcassets */,
				38D2852922EDFB4600B1A232 /* Info.plist */,
				38D2851B22EDFB4400B1A232 /* Products */,
			);
			sourceTree = "<group>";
		};
		38D2851B22EDFB4400B1A232 /* Products */ = {
			isa = PBXGroup;
			children = (
				38D2851A22EDFB4400B1A232 /* AnywhereFitness.app */,
			);
			name = Products;
			sourceTree = "<group>";
		};
		38D2851C22EDFB4400B1A232 /* AnywhereFitness */ = {
			isa = PBXGroup;
			children = (
				38D2851D22EDFB4400B1A232 /* AppDelegate.swift */,
				38D2852F22EE409700B1A232 /* ColorKey.swift */,
				3836FCFA22EFA4B2002C07EE /* Storyboard */,
				3836FCDA22EF9BC1002C07EE /* Model */,
				3836FCEE22EFA1EF002C07EE /* Client VC's */,
				3836FCF322EFA44E002C07EE /* Trainer VC's */,
				3836FCED22EFA1C1002C07EE /* Custom Views */,
			);
			path = AnywhereFitness;
			sourceTree = "<group>";
		};
/* End PBXGroup section */

/* Begin PBXNativeTarget section */
		38D2851922EDFB4400B1A232 /* AnywhereFitness */ = {
			isa = PBXNativeTarget;
			buildConfigurationList = 38D2852C22EDFB4600B1A232 /* Build configuration list for PBXNativeTarget "AnywhereFitness" */;
			buildPhases = (
				38D2851622EDFB4400B1A232 /* Sources */,
				38D2851722EDFB4400B1A232 /* Frameworks */,
				38D2851822EDFB4400B1A232 /* Resources */,
			);
			buildRules = (
			);
			dependencies = (
			);
			name = AnywhereFitness;
			productName = AnywhereFitness;
			productReference = 38D2851A22EDFB4400B1A232 /* AnywhereFitness.app */;
			productType = "com.apple.product-type.application";
		};
/* End PBXNativeTarget section */

/* Begin PBXProject section */
		38D2851222EDFB4400B1A232 /* Project object */ = {
			isa = PBXProject;
			attributes = {
				LastSwiftUpdateCheck = 1020;
				LastUpgradeCheck = 1020;
				ORGANIZATIONNAME = "Alex Rhodes";
				TargetAttributes = {
					38D2851922EDFB4400B1A232 = {
						CreatedOnToolsVersion = 10.2.1;
					};
				};
			};
			buildConfigurationList = 38D2851522EDFB4400B1A232 /* Build configuration list for PBXProject "AnywhereFitness" */;
			compatibilityVersion = "Xcode 9.3";
			developmentRegion = en;
			hasScannedForEncodings = 0;
			knownRegions = (
				en,
				Base,
			);
			mainGroup = 38D2851122EDFB4400B1A232;
			productRefGroup = 38D2851B22EDFB4400B1A232 /* Products */;
			projectDirPath = "";
			projectRoot = "";
			targets = (
				38D2851922EDFB4400B1A232 /* AnywhereFitness */,
			);
		};
/* End PBXProject section */

/* Begin PBXResourcesBuildPhase section */
		38D2851822EDFB4400B1A232 /* Resources */ = {
			isa = PBXResourcesBuildPhase;
			buildActionMask = 2147483647;
			files = (
				38D2852822EDFB4600B1A232 /* LaunchScreen.storyboard in Resources */,
				38D2852522EDFB4600B1A232 /* Assets.xcassets in Resources */,
				38D2852322EDFB4400B1A232 /* Main.storyboard in Resources */,
			);
			runOnlyForDeploymentPostprocessing = 0;
		};
/* End PBXResourcesBuildPhase section */

/* Begin PBXSourcesBuildPhase section */
		38D2851622EDFB4400B1A232 /* Sources */ = {
			isa = PBXSourcesBuildPhase;
			buildActionMask = 2147483647;
			files = (
				3836FCD722EF9BA2002C07EE /* Trainer.swift in Sources */,
				3836FCE422EF9E06002C07EE /* TrainerSignUpViewController.swift in Sources */,
				3836FCF022EFA36B002C07EE /* PurchasedTableViewController.swift in Sources */,
				3836FCE222EF9DDB002C07EE /* TrainerLoginViewController.swift in Sources */,
				3836FCDE22EF9DB5002C07EE /* ClientLoginViewController.swift in Sources */,
				3836FCF722EFA47B002C07EE /* AddClassPackViewController.swift in Sources */,
				38D2851E22EDFB4400B1A232 /* AppDelegate.swift in Sources */,
				3836FCFE22EFAC8C002C07EE /* ClassPackTableViewCell.swift in Sources */,
				3836FCFC22EFAC28002C07EE /* ClassPackTableViewController.swift in Sources */,
				3836FCEA22EFA194002C07EE /* PurchasedTableViewCell.swift in Sources */,
				3836FCD922EF9BB9002C07EE /* Client.swift in Sources */,
				3836FCE822EF9E6B002C07EE /* ClassSearchDetailViewController.swift in Sources */,
				38D2853022EE409700B1A232 /* ColorKey.swift in Sources */,
				3836FCF222EFA397002C07EE /* PurchasedDetailViewController.swift in Sources */,
				3836FCEC22EFA1BB002C07EE /* ClassSearchTableViewCell.swift in Sources */,
				3836FCE622EF9E4D002C07EE /* ClassSearchViewController.swift in Sources */,
				3836FCE022EF9DCB002C07EE /* ClientSignUpViewController.swift in Sources */,
				3836FCDC22EF9CA8002C07EE /* ClassPack.swift in Sources */,
			);
			runOnlyForDeploymentPostprocessing = 0;
		};
/* End PBXSourcesBuildPhase section */

/* Begin PBXVariantGroup section */
		38D2852122EDFB4400B1A232 /* Main.storyboard */ = {
			isa = PBXVariantGroup;
			children = (
				38D2852222EDFB4400B1A232 /* Base */,
			);
			name = Main.storyboard;
			sourceTree = "<group>";
		};
		38D2852622EDFB4600B1A232 /* LaunchScreen.storyboard */ = {
			isa = PBXVariantGroup;
			children = (
				38D2852722EDFB4600B1A232 /* Base */,
			);
			name = LaunchScreen.storyboard;
			sourceTree = "<group>";
		};
/* End PBXVariantGroup section */

/* Begin XCBuildConfiguration section */
		38D2852A22EDFB4600B1A232 /* Debug */ = {
			isa = XCBuildConfiguration;
			buildSettings = {
				ALWAYS_SEARCH_USER_PATHS = NO;
				CLANG_ANALYZER_NONNULL = YES;
				CLANG_ANALYZER_NUMBER_OBJECT_CONVERSION = YES_AGGRESSIVE;
				CLANG_CXX_LANGUAGE_STANDARD = "gnu++14";
				CLANG_CXX_LIBRARY = "libc++";
				CLANG_ENABLE_MODULES = YES;
				CLANG_ENABLE_OBJC_ARC = YES;
				CLANG_ENABLE_OBJC_WEAK = YES;
				CLANG_WARN_BLOCK_CAPTURE_AUTORELEASING = YES;
				CLANG_WARN_BOOL_CONVERSION = YES;
				CLANG_WARN_COMMA = YES;
				CLANG_WARN_CONSTANT_CONVERSION = YES;
				CLANG_WARN_DEPRECATED_OBJC_IMPLEMENTATIONS = YES;
				CLANG_WARN_DIRECT_OBJC_ISA_USAGE = YES_ERROR;
				CLANG_WARN_DOCUMENTATION_COMMENTS = YES;
				CLANG_WARN_EMPTY_BODY = YES;
				CLANG_WARN_ENUM_CONVERSION = YES;
				CLANG_WARN_INFINITE_RECURSION = YES;
				CLANG_WARN_INT_CONVERSION = YES;
				CLANG_WARN_NON_LITERAL_NULL_CONVERSION = YES;
				CLANG_WARN_OBJC_IMPLICIT_RETAIN_SELF = YES;
				CLANG_WARN_OBJC_LITERAL_CONVERSION = YES;
				CLANG_WARN_OBJC_ROOT_CLASS = YES_ERROR;
				CLANG_WARN_RANGE_LOOP_ANALYSIS = YES;
				CLANG_WARN_STRICT_PROTOTYPES = YES;
				CLANG_WARN_SUSPICIOUS_MOVE = YES;
				CLANG_WARN_UNGUARDED_AVAILABILITY = YES_AGGRESSIVE;
				CLANG_WARN_UNREACHABLE_CODE = YES;
				CLANG_WARN__DUPLICATE_METHOD_MATCH = YES;
				CODE_SIGN_IDENTITY = "iPhone Developer";
				COPY_PHASE_STRIP = NO;
				DEBUG_INFORMATION_FORMAT = dwarf;
				ENABLE_STRICT_OBJC_MSGSEND = YES;
				ENABLE_TESTABILITY = YES;
				GCC_C_LANGUAGE_STANDARD = gnu11;
				GCC_DYNAMIC_NO_PIC = NO;
				GCC_NO_COMMON_BLOCKS = YES;
				GCC_OPTIMIZATION_LEVEL = 0;
				GCC_PREPROCESSOR_DEFINITIONS = (
					"DEBUG=1",
					"$(inherited)",
				);
				GCC_WARN_64_TO_32_BIT_CONVERSION = YES;
				GCC_WARN_ABOUT_RETURN_TYPE = YES_ERROR;
				GCC_WARN_UNDECLARED_SELECTOR = YES;
				GCC_WARN_UNINITIALIZED_AUTOS = YES_AGGRESSIVE;
				GCC_WARN_UNUSED_FUNCTION = YES;
				GCC_WARN_UNUSED_VARIABLE = YES;
				IPHONEOS_DEPLOYMENT_TARGET = 12.2;
				MTL_ENABLE_DEBUG_INFO = INCLUDE_SOURCE;
				MTL_FAST_MATH = YES;
				ONLY_ACTIVE_ARCH = YES;
				SDKROOT = iphoneos;
				SWIFT_ACTIVE_COMPILATION_CONDITIONS = DEBUG;
				SWIFT_OPTIMIZATION_LEVEL = "-Onone";
			};
			name = Debug;
		};
		38D2852B22EDFB4600B1A232 /* Release */ = {
			isa = XCBuildConfiguration;
			buildSettings = {
				ALWAYS_SEARCH_USER_PATHS = NO;
				CLANG_ANALYZER_NONNULL = YES;
				CLANG_ANALYZER_NUMBER_OBJECT_CONVERSION = YES_AGGRESSIVE;
				CLANG_CXX_LANGUAGE_STANDARD = "gnu++14";
				CLANG_CXX_LIBRARY = "libc++";
				CLANG_ENABLE_MODULES = YES;
				CLANG_ENABLE_OBJC_ARC = YES;
				CLANG_ENABLE_OBJC_WEAK = YES;
				CLANG_WARN_BLOCK_CAPTURE_AUTORELEASING = YES;
				CLANG_WARN_BOOL_CONVERSION = YES;
				CLANG_WARN_COMMA = YES;
				CLANG_WARN_CONSTANT_CONVERSION = YES;
				CLANG_WARN_DEPRECATED_OBJC_IMPLEMENTATIONS = YES;
				CLANG_WARN_DIRECT_OBJC_ISA_USAGE = YES_ERROR;
				CLANG_WARN_DOCUMENTATION_COMMENTS = YES;
				CLANG_WARN_EMPTY_BODY = YES;
				CLANG_WARN_ENUM_CONVERSION = YES;
				CLANG_WARN_INFINITE_RECURSION = YES;
				CLANG_WARN_INT_CONVERSION = YES;
				CLANG_WARN_NON_LITERAL_NULL_CONVERSION = YES;
				CLANG_WARN_OBJC_IMPLICIT_RETAIN_SELF = YES;
				CLANG_WARN_OBJC_LITERAL_CONVERSION = YES;
				CLANG_WARN_OBJC_ROOT_CLASS = YES_ERROR;
				CLANG_WARN_RANGE_LOOP_ANALYSIS = YES;
				CLANG_WARN_STRICT_PROTOTYPES = YES;
				CLANG_WARN_SUSPICIOUS_MOVE = YES;
				CLANG_WARN_UNGUARDED_AVAILABILITY = YES_AGGRESSIVE;
				CLANG_WARN_UNREACHABLE_CODE = YES;
				CLANG_WARN__DUPLICATE_METHOD_MATCH = YES;
				CODE_SIGN_IDENTITY = "iPhone Developer";
				COPY_PHASE_STRIP = NO;
				DEBUG_INFORMATION_FORMAT = "dwarf-with-dsym";
				ENABLE_NS_ASSERTIONS = NO;
				ENABLE_STRICT_OBJC_MSGSEND = YES;
				GCC_C_LANGUAGE_STANDARD = gnu11;
				GCC_NO_COMMON_BLOCKS = YES;
				GCC_WARN_64_TO_32_BIT_CONVERSION = YES;
				GCC_WARN_ABOUT_RETURN_TYPE = YES_ERROR;
				GCC_WARN_UNDECLARED_SELECTOR = YES;
				GCC_WARN_UNINITIALIZED_AUTOS = YES_AGGRESSIVE;
				GCC_WARN_UNUSED_FUNCTION = YES;
				GCC_WARN_UNUSED_VARIABLE = YES;
				IPHONEOS_DEPLOYMENT_TARGET = 12.2;
				MTL_ENABLE_DEBUG_INFO = NO;
				MTL_FAST_MATH = YES;
				SDKROOT = iphoneos;
				SWIFT_COMPILATION_MODE = wholemodule;
				SWIFT_OPTIMIZATION_LEVEL = "-O";
				VALIDATE_PRODUCT = YES;
			};
			name = Release;
		};
		38D2852D22EDFB4600B1A232 /* Debug */ = {
			isa = XCBuildConfiguration;
			buildSettings = {
				ASSETCATALOG_COMPILER_APPICON_NAME = AppIcon;
				CODE_SIGN_STYLE = Automatic;
				DEVELOPMENT_TEAM = RCQFNX9QQ7;
				INFOPLIST_FILE = AnywhereFitness/Info.plist;
				LD_RUNPATH_SEARCH_PATHS = (
					"$(inherited)",
					"@executable_path/Frameworks",
				);
				PRODUCT_BUNDLE_IDENTIFIER = com.alexrhodes.AnywhereFitness;
				PRODUCT_NAME = "$(TARGET_NAME)";
				SWIFT_VERSION = 5.0;
				TARGETED_DEVICE_FAMILY = "1,2";
			};
			name = Debug;
		};
		38D2852E22EDFB4600B1A232 /* Release */ = {
			isa = XCBuildConfiguration;
			buildSettings = {
				ASSETCATALOG_COMPILER_APPICON_NAME = AppIcon;
				CODE_SIGN_STYLE = Automatic;
				DEVELOPMENT_TEAM = RCQFNX9QQ7;
				INFOPLIST_FILE = AnywhereFitness/Info.plist;
				LD_RUNPATH_SEARCH_PATHS = (
					"$(inherited)",
					"@executable_path/Frameworks",
				);
				PRODUCT_BUNDLE_IDENTIFIER = com.alexrhodes.AnywhereFitness;
				PRODUCT_NAME = "$(TARGET_NAME)";
				SWIFT_VERSION = 5.0;
				TARGETED_DEVICE_FAMILY = "1,2";
			};
			name = Release;
		};
/* End XCBuildConfiguration section */

/* Begin XCConfigurationList section */
		38D2851522EDFB4400B1A232 /* Build configuration list for PBXProject "AnywhereFitness" */ = {
			isa = XCConfigurationList;
			buildConfigurations = (
				38D2852A22EDFB4600B1A232 /* Debug */,
				38D2852B22EDFB4600B1A232 /* Release */,
			);
			defaultConfigurationIsVisible = 0;
			defaultConfigurationName = Release;
		};
		38D2852C22EDFB4600B1A232 /* Build configuration list for PBXNativeTarget "AnywhereFitness" */ = {
			isa = XCConfigurationList;
			buildConfigurations = (
				38D2852D22EDFB4600B1A232 /* Debug */,
				38D2852E22EDFB4600B1A232 /* Release */,
			);
			defaultConfigurationIsVisible = 0;
			defaultConfigurationName = Release;
		};
/* End XCConfigurationList section */
	};
	rootObject = 38D2851222EDFB4400B1A232 /* Project object */;
}
